<Solution>
  <Folder Name="/labs/" />
  <Folder Name="/labs/01-intro/">
    <Project Path="labs/01-intro/code/ClassicMain/ClassicMain.csproj" />
    <Project Path="labs/01-intro/code/ConsoleIO/ConsoleIO.csproj" />
    <Project Path="labs/01-intro/code/Hello/Hello.csproj" />
    <Project Path="labs/01-intro/code/Library/Library.csproj" />
    <Project Path="labs/01-intro/code/Temperatures/Temperatures.csproj" />
    <Project Path="labs/01-intro/code/TopLevel/TopLevel.csproj" />
    <Project Path="labs/01-intro/code/UnderTheHood/UnderTheHood.csproj" />
  </Folder>
  <Folder Name="/labs/02-types/">
    <Project Path="labs/02-types/code/Shapes/Shapes.csproj" />
    <Project Path="labs/02-types/code/TaskBoard/TaskBoard.csproj" />
    <Project Path="labs/02-types/code/ValueVsReference/ValueVsReference.csproj" />
    <Project Path="labs/02-types/code/Weather/Weather.csproj" />
  </Folder>
  <Folder Name="/labs/03-parameters/">
    <Project Path="labs/03-parameters/code/ByRef/ByRef.csproj" />
    <Project Path="labs/03-parameters/code/Maximum/Maximum.csproj" />
    <Project Path="labs/03-parameters/code/OutParameters/OutParameters.csproj" />
  </Folder>
  <Folder Name="/labs/04-inheritance/">
    <Project Path="labs/04-inheritance/code/Streaming/Streaming.csproj" />
  </Folder>
</Solution>
